
Microsoft Visual Studio Solution File, Format Version 12.00
# Visual Studio 15
VisualStudioVersion = 15.0.28307.329
MinimumVisualStudioVersion = 10.0.40219.1
Project("{2150E333-8FDC-42A3-9474-1A3956D46DE8}") = "scripts", "scripts", "{7AE7159E-D5D1-4F87-9FDA-5DF6DD6CA9D1}"
	ProjectSection(SolutionItems) = preProject
		scripts\build.definition.yml = scripts\build.definition.yml
		scripts\migrations.bash = scripts\migrations.bash
		scripts\migrations.bat = scripts\migrations.bat
		scripts\run_server.bash = scripts\run_server.bash
		scripts\run_server.bat = scripts\run_server.bat
	EndProjectSection
EndProject
Project("{2150E333-8FDC-42A3-9474-1A3956D46DE8}") = "src", "src", "{4B0AA270-5A1F-4B1B-B426-80D3721B4681}"
EndProject
Project("{2150E333-8FDC-42A3-9474-1A3956D46DE8}") = "1 - Presentation", "1 - Presentation", "{D757612C-D40B-4455-A11D-953226721B06}"
EndProject
Project("{2150E333-8FDC-42A3-9474-1A3956D46DE8}") = "2 - Application", "2 - Application", "{3BE793CC-F993-44ED-9DA6-CFA8CA28D161}"
EndProject
Project("{2150E333-8FDC-42A3-9474-1A3956D46DE8}") = "3 - Domain", "3 - Domain", "{D7A7FC42-9F1B-4D47-9AE6-4E2D239B206F}"
EndProject
Project("{2150E333-8FDC-42A3-9474-1A3956D46DE8}") = "4 - Infra", "4 - Infra", "{FA4C00FA-CE25-48A4-880D-C49A26E49847}"
EndProject
Project("{2150E333-8FDC-42A3-9474-1A3956D46DE8}") = "4.1 - Data", "4.1 - Data", "{A85C7CF7-3F2B-4492-8DCF-EA5D8B5815A8}"
EndProject
Project("{2150E333-8FDC-42A3-9474-1A3956D46DE8}") = "4.2 - CrossCutting", "4.2 - CrossCutting", "{149A5788-D40B-4207-BA1F-BF6DF13824AA}"
EndProject
Project("{2150E333-8FDC-42A3-9474-1A3956D46DE8}") = "4.3 - Settings", "4.3 - Settings", "{78B52154-30CB-4756-AC83-E6ADE8D966AC}"
EndProject
Project("{9A19103F-16F7-4668-BE54-9A1E7A4F7556}") = "Owlvey.Falcon.Authority.Presentation", "src\Owlvey.Falcon.Authority.Presentation\Owlvey.Falcon.Authority.Presentation.csproj", "{E269762E-4047-4361-8DCD-DD7BE2490A61}"
EndProject
Project("{FAE04EC0-301F-11D3-BF4B-00C04F79EFBC}") = "Owvley.Flacon.Authority.Application", "src\Owvley.Flacon.Authority.Application\Owvley.Flacon.Authority.Application.csproj", "{080BBA7E-DA5F-4ABB-B652-7A0C42D7AC1B}"
EndProject
Project("{FAE04EC0-301F-11D3-BF4B-00C04F79EFBC}") = "Owvley.Falcon.Authority.Domain", "src\Owvley.Falcon.Authority.Domain\Owvley.Falcon.Authority.Domain.csproj", "{F9281D48-C7B1-4628-8CD8-643D1D2A415B}"
EndProject
Project("{FAE04EC0-301F-11D3-BF4B-00C04F79EFBC}") = "Owvley.Falcon.Authority.Domain.Core", "src\Owvley.Falcon.Authority.Domain.Core\Owvley.Falcon.Authority.Domain.Core.csproj", "{E0DAC17C-00CF-475A-825C-2B9C00DB33A4}"
EndProject
Project("{FAE04EC0-301F-11D3-BF4B-00C04F79EFBC}") = "Owlvey.Falcon.Authority.Infra.Data.SqlServer", "src\Owlvey.Falcon.Authority.Infra.Data.SqlServer\Owlvey.Falcon.Authority.Infra.Data.SqlServer.csproj", "{713051C1-4BFE-415D-87E6-40808F5DB5C6}"
EndProject
Project("{FAE04EC0-301F-11D3-BF4B-00C04F79EFBC}") = "Owlvey.Falcon.Authority.Infra.Data.Sqlite", "src\Owlvey.Falcon.Authority.Infra.Data.Sqlite\Owlvey.Falcon.Authority.Infra.Data.Sqlite.csproj", "{F90D7E90-85A8-4C45-AE73-F815606E0639}"
EndProject
Project("{FAE04EC0-301F-11D3-BF4B-00C04F79EFBC}") = "Owlvey.Falcon.Authority.Infra.CrossCutting.Identity", "src\Owlvey.Falcon.Authority.Infra.CrossCutting.Identity\Owlvey.Falcon.Authority.Infra.CrossCutting.Identity.csproj", "{E5602D5C-48AE-4ACC-8B37-DDAC5280F880}"
EndProject
Project("{FAE04EC0-301F-11D3-BF4B-00C04F79EFBC}") = "Owlvey.Falcon.Authority.Infra.CrossCutting.IoC", "src\Owlvey.Falcon.Authority.Infra.CrossCutting.IoC\Owlvey.Falcon.Authority.Infra.CrossCutting.IoC.csproj", "{D8B5732F-7FE4-4642-BD83-9D574A5FBF13}"
EndProject
Project("{FAE04EC0-301F-11D3-BF4B-00C04F79EFBC}") = "Owlvey.Flacon.Authority.Infra.CrossCutting.Logging", "src\Owlvey.Flacon.Authority.Infra.CrossCutting.Logging\Owlvey.Flacon.Authority.Infra.CrossCutting.Logging.csproj", "{E01D68AD-280F-4CA3-9D54-4DEE68560C1F}"
EndProject
Project("{FAE04EC0-301F-11D3-BF4B-00C04F79EFBC}") = "Owlvey.Falcon.Authority.Infra.Settings", "src\Owlvey.Falcon.Authority.Infra.Settings\Owlvey.Falcon.Authority.Infra.Settings.csproj", "{11E1B82B-0C65-4328-8B40-E42A33969C78}"
EndProject
Global
	GlobalSection(SolutionConfigurationPlatforms) = preSolution
		Debug|Any CPU = Debug|Any CPU
		Release|Any CPU = Release|Any CPU
	EndGlobalSection
	GlobalSection(ProjectConfigurationPlatforms) = postSolution
		{E269762E-4047-4361-8DCD-DD7BE2490A61}.Debug|Any CPU.ActiveCfg = Debug|Any CPU
		{E269762E-4047-4361-8DCD-DD7BE2490A61}.Debug|Any CPU.Build.0 = Debug|Any CPU
		{E269762E-4047-4361-8DCD-DD7BE2490A61}.Release|Any CPU.ActiveCfg = Release|Any CPU
		{E269762E-4047-4361-8DCD-DD7BE2490A61}.Release|Any CPU.Build.0 = Release|Any CPU
		{080BBA7E-DA5F-4ABB-B652-7A0C42D7AC1B}.Debug|Any CPU.ActiveCfg = Debug|Any CPU
		{080BBA7E-DA5F-4ABB-B652-7A0C42D7AC1B}.Debug|Any CPU.Build.0 = Debug|Any CPU
		{080BBA7E-DA5F-4ABB-B652-7A0C42D7AC1B}.Release|Any CPU.ActiveCfg = Release|Any CPU
		{080BBA7E-DA5F-4ABB-B652-7A0C42D7AC1B}.Release|Any CPU.Build.0 = Release|Any CPU
		{F9281D48-C7B1-4628-8CD8-643D1D2A415B}.Debug|Any CPU.ActiveCfg = Debug|Any CPU
		{F9281D48-C7B1-4628-8CD8-643D1D2A415B}.Debug|Any CPU.Build.0 = Debug|Any CPU
		{F9281D48-C7B1-4628-8CD8-643D1D2A415B}.Release|Any CPU.ActiveCfg = Release|Any CPU
		{F9281D48-C7B1-4628-8CD8-643D1D2A415B}.Release|Any CPU.Build.0 = Release|Any CPU
		{E0DAC17C-00CF-475A-825C-2B9C00DB33A4}.Debug|Any CPU.ActiveCfg = Debug|Any CPU
		{E0DAC17C-00CF-475A-825C-2B9C00DB33A4}.Debug|Any CPU.Build.0 = Debug|Any CPU
		{E0DAC17C-00CF-475A-825C-2B9C00DB33A4}.Release|Any CPU.ActiveCfg = Release|Any CPU
		{E0DAC17C-00CF-475A-825C-2B9C00DB33A4}.Release|Any CPU.Build.0 = Release|Any CPU
		{713051C1-4BFE-415D-87E6-40808F5DB5C6}.Debug|Any CPU.ActiveCfg = Debug|Any CPU
		{713051C1-4BFE-415D-87E6-40808F5DB5C6}.Debug|Any CPU.Build.0 = Debug|Any CPU
		{713051C1-4BFE-415D-87E6-40808F5DB5C6}.Release|Any CPU.ActiveCfg = Release|Any CPU
		{713051C1-4BFE-415D-87E6-40808F5DB5C6}.Release|Any CPU.Build.0 = Release|Any CPU
		{F90D7E90-85A8-4C45-AE73-F815606E0639}.Debug|Any CPU.ActiveCfg = Debug|Any CPU
		{F90D7E90-85A8-4C45-AE73-F815606E0639}.Debug|Any CPU.Build.0 = Debug|Any CPU
		{F90D7E90-85A8-4C45-AE73-F815606E0639}.Release|Any CPU.ActiveCfg = Release|Any CPU
		{F90D7E90-85A8-4C45-AE73-F815606E0639}.Release|Any CPU.Build.0 = Release|Any CPU
		{E5602D5C-48AE-4ACC-8B37-DDAC5280F880}.Debug|Any CPU.ActiveCfg = Debug|Any CPU
		{E5602D5C-48AE-4ACC-8B37-DDAC5280F880}.Debug|Any CPU.Build.0 = Debug|Any CPU
		{E5602D5C-48AE-4ACC-8B37-DDAC5280F880}.Release|Any CPU.ActiveCfg = Release|Any CPU
		{E5602D5C-48AE-4ACC-8B37-DDAC5280F880}.Release|Any CPU.Build.0 = Release|Any CPU
		{D8B5732F-7FE4-4642-BD83-9D574A5FBF13}.Debug|Any CPU.ActiveCfg = Debug|Any CPU
		{D8B5732F-7FE4-4642-BD83-9D574A5FBF13}.Debug|Any CPU.Build.0 = Debug|Any CPU
		{D8B5732F-7FE4-4642-BD83-9D574A5FBF13}.Release|Any CPU.ActiveCfg = Release|Any CPU
		{D8B5732F-7FE4-4642-BD83-9D574A5FBF13}.Release|Any CPU.Build.0 = Release|Any CPU
		{E01D68AD-280F-4CA3-9D54-4DEE68560C1F}.Debug|Any CPU.ActiveCfg = Debug|Any CPU
		{E01D68AD-280F-4CA3-9D54-4DEE68560C1F}.Debug|Any CPU.Build.0 = Debug|Any CPU
		{E01D68AD-280F-4CA3-9D54-4DEE68560C1F}.Release|Any CPU.ActiveCfg = Release|Any CPU
		{E01D68AD-280F-4CA3-9D54-4DEE68560C1F}.Release|Any CPU.Build.0 = Release|Any CPU
		{11E1B82B-0C65-4328-8B40-E42A33969C78}.Debug|Any CPU.ActiveCfg = Debug|Any CPU
		{11E1B82B-0C65-4328-8B40-E42A33969C78}.Debug|Any CPU.Build.0 = Debug|Any CPU
		{11E1B82B-0C65-4328-8B40-E42A33969C78}.Release|Any CPU.ActiveCfg = Release|Any CPU
		{11E1B82B-0C65-4328-8B40-E42A33969C78}.Release|Any CPU.Build.0 = Release|Any CPU
	EndGlobalSection
	GlobalSection(SolutionProperties) = preSolution
		HideSolutionNode = FALSE
	EndGlobalSection
	GlobalSection(NestedProjects) = preSolution
		{D757612C-D40B-4455-A11D-953226721B06} = {4B0AA270-5A1F-4B1B-B426-80D3721B4681}
		{3BE793CC-F993-44ED-9DA6-CFA8CA28D161} = {4B0AA270-5A1F-4B1B-B426-80D3721B4681}
		{D7A7FC42-9F1B-4D47-9AE6-4E2D239B206F} = {4B0AA270-5A1F-4B1B-B426-80D3721B4681}
		{FA4C00FA-CE25-48A4-880D-C49A26E49847} = {4B0AA270-5A1F-4B1B-B426-80D3721B4681}
		{A85C7CF7-3F2B-4492-8DCF-EA5D8B5815A8} = {FA4C00FA-CE25-48A4-880D-C49A26E49847}
		{149A5788-D40B-4207-BA1F-BF6DF13824AA} = {FA4C00FA-CE25-48A4-880D-C49A26E49847}
		{78B52154-30CB-4756-AC83-E6ADE8D966AC} = {FA4C00FA-CE25-48A4-880D-C49A26E49847}
		{E269762E-4047-4361-8DCD-DD7BE2490A61} = {D757612C-D40B-4455-A11D-953226721B06}
		{080BBA7E-DA5F-4ABB-B652-7A0C42D7AC1B} = {3BE793CC-F993-44ED-9DA6-CFA8CA28D161}
		{F9281D48-C7B1-4628-8CD8-643D1D2A415B} = {D7A7FC42-9F1B-4D47-9AE6-4E2D239B206F}
		{E0DAC17C-00CF-475A-825C-2B9C00DB33A4} = {D7A7FC42-9F1B-4D47-9AE6-4E2D239B206F}
		{713051C1-4BFE-415D-87E6-40808F5DB5C6} = {A85C7CF7-3F2B-4492-8DCF-EA5D8B5815A8}
		{F90D7E90-85A8-4C45-AE73-F815606E0639} = {A85C7CF7-3F2B-4492-8DCF-EA5D8B5815A8}
		{E5602D5C-48AE-4ACC-8B37-DDAC5280F880} = {149A5788-D40B-4207-BA1F-BF6DF13824AA}
		{D8B5732F-7FE4-4642-BD83-9D574A5FBF13} = {149A5788-D40B-4207-BA1F-BF6DF13824AA}
		{E01D68AD-280F-4CA3-9D54-4DEE68560C1F} = {149A5788-D40B-4207-BA1F-BF6DF13824AA}
		{11E1B82B-0C65-4328-8B40-E42A33969C78} = {78B52154-30CB-4756-AC83-E6ADE8D966AC}
	EndGlobalSection
	GlobalSection(ExtensibilityGlobals) = postSolution
		SolutionGuid = {B14BFBCC-E810-468B-AAE7-3CDB54DCE968}
	EndGlobalSection
EndGlobal
