
Microsoft Visual Studio Solution File, Format Version 12.00
# Visual Studio 15
VisualStudioVersion = 15.0.28307.329
MinimumVisualStudioVersion = 10.0.40219.1
Project("{2150E333-8FDC-42A3-9474-1A3956D46DE8}") = "scripts", "scripts", "{7AE7159E-D5D1-4F87-9FDA-5DF6DD6CA9D1}"
	ProjectSection(SolutionItems) = preProject
		scripts\build.definition.yml = scripts\build.definition.yml
		scripts\migrations.bash = scripts\migrations.bash
		scripts\migrations.bat = scripts\migrations.bat
		scripts\run_server.bash = scripts\run_server.bash
		scripts\run_server.bat = scripts\run_server.bat
	EndProjectSection
EndProject
Project("{2150E333-8FDC-42A3-9474-1A3956D46DE8}") = "src", "src", "{4B0AA270-5A1F-4B1B-B426-80D3721B4681}"
EndProject
Project("{2150E333-8FDC-42A3-9474-1A3956D46DE8}") = "1 - Presentation", "1 - Presentation", "{D757612C-D40B-4455-A11D-953226721B06}"
EndProject
Project("{FAE04EC0-301F-11D3-BF4B-00C04F79EFBC}") = "Owlvey.Falcon.Authority.Presentation", "src\Owlvey.Falcon.Authority.Presentation\Owlvey.Falcon.Authority.Presentation.csproj", "{AA97B31B-6918-4DBE-A4D1-9B18B5D71FC2}"
EndProject
Global
	GlobalSection(SolutionConfigurationPlatforms) = preSolution
		Debug|Any CPU = Debug|Any CPU
		Release|Any CPU = Release|Any CPU
	EndGlobalSection
	GlobalSection(ProjectConfigurationPlatforms) = postSolution
		{AA97B31B-6918-4DBE-A4D1-9B18B5D71FC2}.Debug|Any CPU.ActiveCfg = Debug|Any CPU
		{AA97B31B-6918-4DBE-A4D1-9B18B5D71FC2}.Debug|Any CPU.Build.0 = Debug|Any CPU
		{AA97B31B-6918-4DBE-A4D1-9B18B5D71FC2}.Release|Any CPU.ActiveCfg = Release|Any CPU
		{AA97B31B-6918-4DBE-A4D1-9B18B5D71FC2}.Release|Any CPU.Build.0 = Release|Any CPU
	EndGlobalSection
	GlobalSection(SolutionProperties) = preSolution
		HideSolutionNode = FALSE
	EndGlobalSection
	GlobalSection(NestedProjects) = preSolution
		{D757612C-D40B-4455-A11D-953226721B06} = {4B0AA270-5A1F-4B1B-B426-80D3721B4681}
		{AA97B31B-6918-4DBE-A4D1-9B18B5D71FC2} = {D757612C-D40B-4455-A11D-953226721B06}
	EndGlobalSection
	GlobalSection(ExtensibilityGlobals) = postSolution
		SolutionGuid = {B14BFBCC-E810-468B-AAE7-3CDB54DCE968}
	EndGlobalSection
EndGlobal
